
Microsoft Visual Studio Solution File, Format Version 12.00
# Visual Studio 15
VisualStudioVersion = 15.0.28307.902
MinimumVisualStudioVersion = 10.0.40219.1
Project("{FAE04EC0-301F-11D3-BF4B-00C04F79EFBC}") = "StringGenerator", "StringGenerator\StringGenerator.csproj", "{A6928CF3-9647-4871-8756-3553A9DEB013}"
EndProject
Global
	GlobalSection(SolutionConfigurationPlatforms) = preSolution
		Debug|Any CPU = Debug|Any CPU
		Release|Any CPU = Release|Any CPU
	EndGlobalSection
	GlobalSection(ProjectConfigurationPlatforms) = postSolution
		{A6928CF3-9647-4871-8756-3553A9DEB013}.Debug|Any CPU.ActiveCfg = Debug|Any CPU
		{A6928CF3-9647-4871-8756-3553A9DEB013}.Debug|Any CPU.Build.0 = Debug|Any CPU
		{A6928CF3-9647-4871-8756-3553A9DEB013}.Release|Any CPU.ActiveCfg = Release|Any CPU
		{A6928CF3-9647-4871-8756-3553A9DEB013}.Release|Any CPU.Build.0 = Release|Any CPU
	EndGlobalSection
	GlobalSection(SolutionProperties) = preSolution
		HideSolutionNode = FALSE
	EndGlobalSection
	GlobalSection(ExtensibilityGlobals) = postSolution
		SolutionGuid = {A85BEC8D-CCAE-49D6-BA55-03EDD10D3D8C}
	EndGlobalSection
EndGlobal
